
Microsoft Visual Studio Solution File, Format Version 12.00
# Visual Studio 15
VisualStudioVersion = 15.0.28010.2050
MinimumVisualStudioVersion = 10.0.40219.1
Project("{FAE04EC0-301F-11D3-BF4B-00C04F79EFBC}") = "kotlinEndPoint", "kotlinEndPoint\kotlinEndPoint.csproj", "{DC274707-D1F6-40EF-A9A5-EA4A6E80B302}"
EndProject
Global
	GlobalSection(SolutionConfigurationPlatforms) = preSolution
		Debug|Any CPU = Debug|Any CPU
		Release|Any CPU = Release|Any CPU
	EndGlobalSection
	GlobalSection(ProjectConfigurationPlatforms) = postSolution
		{DC274707-D1F6-40EF-A9A5-EA4A6E80B302}.Debug|Any CPU.ActiveCfg = Debug|Any CPU
		{DC274707-D1F6-40EF-A9A5-EA4A6E80B302}.Debug|Any CPU.Build.0 = Debug|Any CPU
		{DC274707-D1F6-40EF-A9A5-EA4A6E80B302}.Release|Any CPU.ActiveCfg = Release|Any CPU
		{DC274707-D1F6-40EF-A9A5-EA4A6E80B302}.Release|Any CPU.Build.0 = Release|Any CPU
	EndGlobalSection
	GlobalSection(SolutionProperties) = preSolution
		HideSolutionNode = FALSE
	EndGlobalSection
	GlobalSection(ExtensibilityGlobals) = postSolution
		SolutionGuid = {68C21AA6-AE72-4D72-87A8-86E713A7CD0A}
	EndGlobalSection
EndGlobal
